// !$*UTF8*$!
{
	archiveVersion = 1;
	classes = {
	};
	objectVersion = 56;
	objects = {

/* Begin PBXBuildFile section */
		740680812BEC3A1400C11A9B /* HomeView.swift in Sources */ = {isa = PBXBuildFile; fileRef = 740680802BEC3A1400C11A9B /* HomeView.swift */; };
		740680832BEC3A4000C11A9B /* SettingsView.swift in Sources */ = {isa = PBXBuildFile; fileRef = 740680822BEC3A4000C11A9B /* SettingsView.swift */; };
		7436131E2BED8C1200C78914 /* Utils.swift in Sources */ = {isa = PBXBuildFile; fileRef = 7436131D2BED8C1200C78914 /* Utils.swift */; };
		743613202BEDBB5500C78914 /* GFNServerData.json in Resources */ = {isa = PBXBuildFile; fileRef = 7436131F2BEDBB5500C78914 /* GFNServerData.json */; };
		7491C0A92BEF0F55001FC0DD /* GFNServerView.swift in Sources */ = {isa = PBXBuildFile; fileRef = 7491C0A82BEF0F55001FC0DD /* GFNServerView.swift */; };
		7498917D2BE88CE000DE7639 /* PrintedWasteApp.swift in Sources */ = {isa = PBXBuildFile; fileRef = 7498917C2BE88CE000DE7639 /* PrintedWasteApp.swift */; };
		7498917F2BE88CE000DE7639 /* ContentView.swift in Sources */ = {isa = PBXBuildFile; fileRef = 7498917E2BE88CE000DE7639 /* ContentView.swift */; };
		749891812BE88CE200DE7639 /* Assets.xcassets in Resources */ = {isa = PBXBuildFile; fileRef = 749891802BE88CE200DE7639 /* Assets.xcassets */; };
		749891842BE88CE200DE7639 /* Preview Assets.xcassets in Resources */ = {isa = PBXBuildFile; fileRef = 749891832BE88CE200DE7639 /* Preview Assets.xcassets */; };
		7498918E2BE88CE200DE7639 /* PrintedWasteTests.swift in Sources */ = {isa = PBXBuildFile; fileRef = 7498918D2BE88CE200DE7639 /* PrintedWasteTests.swift */; };
		749891982BE88CE200DE7639 /* PrintedWasteUITests.swift in Sources */ = {isa = PBXBuildFile; fileRef = 749891972BE88CE200DE7639 /* PrintedWasteUITests.swift */; };
		7498919A2BE88CE200DE7639 /* PrintedWasteUITestsLaunchTests.swift in Sources */ = {isa = PBXBuildFile; fileRef = 749891992BE88CE200DE7639 /* PrintedWasteUITestsLaunchTests.swift */; };
		74D320812BED8230005E92E0 /* GFNView.swift in Sources */ = {isa = PBXBuildFile; fileRef = 74D320802BED8230005E92E0 /* GFNView.swift */; };
		74E8E2572D0D18060054F7A0 /* ToolsView.swift in Sources */ = {isa = PBXBuildFile; fileRef = 74E8E2562D0D18010054F7A0 /* ToolsView.swift */; };
		74E8E2592D0D19530054F7A0 /* MergerView.swift in Sources */ = {isa = PBXBuildFile; fileRef = 74E8E2582D0D19500054F7A0 /* MergerView.swift */; };
		74EBE7B02D0D30DE00524F29 /* Info.plist in Resources */ = {isa = PBXBuildFile; fileRef = 74EBE7AF2D0D30DE00524F29 /* Info.plist */; };
		74ED740F2CEA4D08005B1FCF /* SwiftDate in Frameworks */ = {isa = PBXBuildFile; productRef = 74ED740E2CEA4D08005B1FCF /* SwiftDate */; };
/* End PBXBuildFile section */

/* Begin PBXContainerItemProxy section */
		7498918A2BE88CE200DE7639 /* PBXContainerItemProxy */ = {
			isa = PBXContainerItemProxy;
			containerPortal = 749891712BE88CE000DE7639 /* Project object */;
			proxyType = 1;
			remoteGlobalIDString = 749891782BE88CE000DE7639;
			remoteInfo = PrintedWaste;
		};
		749891942BE88CE200DE7639 /* PBXContainerItemProxy */ = {
			isa = PBXContainerItemProxy;
			containerPortal = 749891712BE88CE000DE7639 /* Project object */;
			proxyType = 1;
			remoteGlobalIDString = 749891782BE88CE000DE7639;
			remoteInfo = PrintedWaste;
		};
/* End PBXContainerItemProxy section */

/* Begin PBXFileReference section */
		740680802BEC3A1400C11A9B /* HomeView.swift */ = {isa = PBXFileReference; lastKnownFileType = sourcecode.swift; path = HomeView.swift; sourceTree = "<group>"; };
		740680822BEC3A4000C11A9B /* SettingsView.swift */ = {isa = PBXFileReference; lastKnownFileType = sourcecode.swift; path = SettingsView.swift; sourceTree = "<group>"; };
		740680862BEC3CC500C11A9B /* icon.png */ = {isa = PBXFileReference; explicitFileType = image.icns; path = icon.png; sourceTree = "<group>"; };
		7436131D2BED8C1200C78914 /* Utils.swift */ = {isa = PBXFileReference; lastKnownFileType = sourcecode.swift; path = Utils.swift; sourceTree = "<group>"; };
		7436131F2BEDBB5500C78914 /* GFNServerData.json */ = {isa = PBXFileReference; lastKnownFileType = text.json; path = GFNServerData.json; sourceTree = "<group>"; };
		7491C0A82BEF0F55001FC0DD /* GFNServerView.swift */ = {isa = PBXFileReference; lastKnownFileType = sourcecode.swift; path = GFNServerView.swift; sourceTree = "<group>"; };
		749891792BE88CE000DE7639 /* PrintedWaste.app */ = {isa = PBXFileReference; explicitFileType = wrapper.application; includeInIndex = 0; path = PrintedWaste.app; sourceTree = BUILT_PRODUCTS_DIR; };
		7498917C2BE88CE000DE7639 /* PrintedWasteApp.swift */ = {isa = PBXFileReference; lastKnownFileType = sourcecode.swift; path = PrintedWasteApp.swift; sourceTree = "<group>"; };
		7498917E2BE88CE000DE7639 /* ContentView.swift */ = {isa = PBXFileReference; lastKnownFileType = sourcecode.swift; path = ContentView.swift; sourceTree = "<group>"; };
		749891802BE88CE200DE7639 /* Assets.xcassets */ = {isa = PBXFileReference; lastKnownFileType = folder.assetcatalog; path = Assets.xcassets; sourceTree = "<group>"; };
		749891832BE88CE200DE7639 /* Preview Assets.xcassets */ = {isa = PBXFileReference; lastKnownFileType = folder.assetcatalog; path = "Preview Assets.xcassets"; sourceTree = "<group>"; };
		749891892BE88CE200DE7639 /* PrintedWasteTests.xctest */ = {isa = PBXFileReference; explicitFileType = wrapper.cfbundle; includeInIndex = 0; path = PrintedWasteTests.xctest; sourceTree = BUILT_PRODUCTS_DIR; };
		7498918D2BE88CE200DE7639 /* PrintedWasteTests.swift */ = {isa = PBXFileReference; lastKnownFileType = sourcecode.swift; path = PrintedWasteTests.swift; sourceTree = "<group>"; };
		749891932BE88CE200DE7639 /* PrintedWasteUITests.xctest */ = {isa = PBXFileReference; explicitFileType = wrapper.cfbundle; includeInIndex = 0; path = PrintedWasteUITests.xctest; sourceTree = BUILT_PRODUCTS_DIR; };
		749891972BE88CE200DE7639 /* PrintedWasteUITests.swift */ = {isa = PBXFileReference; lastKnownFileType = sourcecode.swift; path = PrintedWasteUITests.swift; sourceTree = "<group>"; };
		749891992BE88CE200DE7639 /* PrintedWasteUITestsLaunchTests.swift */ = {isa = PBXFileReference; lastKnownFileType = sourcecode.swift; path = PrintedWasteUITestsLaunchTests.swift; sourceTree = "<group>"; };
		74D320802BED8230005E92E0 /* GFNView.swift */ = {isa = PBXFileReference; lastKnownFileType = sourcecode.swift; path = GFNView.swift; sourceTree = "<group>"; };
		74E8E2562D0D18010054F7A0 /* ToolsView.swift */ = {isa = PBXFileReference; lastKnownFileType = sourcecode.swift; path = ToolsView.swift; sourceTree = "<group>"; };
		74E8E2582D0D19500054F7A0 /* MergerView.swift */ = {isa = PBXFileReference; lastKnownFileType = sourcecode.swift; path = MergerView.swift; sourceTree = "<group>"; };
		74EBE7AF2D0D30DE00524F29 /* Info.plist */ = {isa = PBXFileReference; lastKnownFileType = text.plist.xml; path = Info.plist; sourceTree = "<group>"; };
/* End PBXFileReference section */

/* Begin PBXFrameworksBuildPhase section */
		749891762BE88CE000DE7639 /* Frameworks */ = {
			isa = PBXFrameworksBuildPhase;
			buildActionMask = 2147483647;
			files = (
				74ED740F2CEA4D08005B1FCF /* SwiftDate in Frameworks */,
			);
			runOnlyForDeploymentPostprocessing = 0;
		};
		749891862BE88CE200DE7639 /* Frameworks */ = {
			isa = PBXFrameworksBuildPhase;
			buildActionMask = 2147483647;
			files = (
			);
			runOnlyForDeploymentPostprocessing = 0;
		};
		749891902BE88CE200DE7639 /* Frameworks */ = {
			isa = PBXFrameworksBuildPhase;
			buildActionMask = 2147483647;
			files = (
			);
			runOnlyForDeploymentPostprocessing = 0;
		};
/* End PBXFrameworksBuildPhase section */

/* Begin PBXGroup section */
		749891702BE88CE000DE7639 = {
			isa = PBXGroup;
			children = (
				7498917B2BE88CE000DE7639 /* PrintedWaste */,
				7498918C2BE88CE200DE7639 /* PrintedWasteTests */,
				749891962BE88CE200DE7639 /* PrintedWasteUITests */,
				7498917A2BE88CE000DE7639 /* Products */,
			);
			sourceTree = "<group>";
		};
		7498917A2BE88CE000DE7639 /* Products */ = {
			isa = PBXGroup;
			children = (
				749891792BE88CE000DE7639 /* PrintedWaste.app */,
				749891892BE88CE200DE7639 /* PrintedWasteTests.xctest */,
				749891932BE88CE200DE7639 /* PrintedWasteUITests.xctest */,
			);
			name = Products;
			sourceTree = "<group>";
		};
		7498917B2BE88CE000DE7639 /* PrintedWaste */ = {
			isa = PBXGroup;
			children = (
				74EBE7AF2D0D30DE00524F29 /* Info.plist */,
				74E8E2582D0D19500054F7A0 /* MergerView.swift */,
				74E8E2562D0D18010054F7A0 /* ToolsView.swift */,
				7498917C2BE88CE000DE7639 /* PrintedWasteApp.swift */,
				7498917E2BE88CE000DE7639 /* ContentView.swift */,
				740680822BEC3A4000C11A9B /* SettingsView.swift */,
				749891802BE88CE200DE7639 /* Assets.xcassets */,
				749891822BE88CE200DE7639 /* Preview Content */,
				740680802BEC3A1400C11A9B /* HomeView.swift */,
				740680862BEC3CC500C11A9B /* icon.png */,
				74D320802BED8230005E92E0 /* GFNView.swift */,
				7436131D2BED8C1200C78914 /* Utils.swift */,
				7436131F2BEDBB5500C78914 /* GFNServerData.json */,
				7491C0A82BEF0F55001FC0DD /* GFNServerView.swift */,
			);
			path = PrintedWaste;
			sourceTree = "<group>";
		};
		749891822BE88CE200DE7639 /* Preview Content */ = {
			isa = PBXGroup;
			children = (
				749891832BE88CE200DE7639 /* Preview Assets.xcassets */,
			);
			path = "Preview Content";
			sourceTree = "<group>";
		};
		7498918C2BE88CE200DE7639 /* PrintedWasteTests */ = {
			isa = PBXGroup;
			children = (
				7498918D2BE88CE200DE7639 /* PrintedWasteTests.swift */,
			);
			path = PrintedWasteTests;
			sourceTree = "<group>";
		};
		749891962BE88CE200DE7639 /* PrintedWasteUITests */ = {
			isa = PBXGroup;
			children = (
				749891972BE88CE200DE7639 /* PrintedWasteUITests.swift */,
				749891992BE88CE200DE7639 /* PrintedWasteUITestsLaunchTests.swift */,
			);
			path = PrintedWasteUITests;
			sourceTree = "<group>";
		};
/* End PBXGroup section */

/* Begin PBXNativeTarget section */
		749891782BE88CE000DE7639 /* PrintedWaste */ = {
			isa = PBXNativeTarget;
			buildConfigurationList = 7498919D2BE88CE200DE7639 /* Build configuration list for PBXNativeTarget "PrintedWaste" */;
			buildPhases = (
				749891752BE88CE000DE7639 /* Sources */,
				749891762BE88CE000DE7639 /* Frameworks */,
				749891772BE88CE000DE7639 /* Resources */,
			);
			buildRules = (
			);
			dependencies = (
			);
			name = PrintedWaste;
			productName = PrintedWaste;
			productReference = 749891792BE88CE000DE7639 /* PrintedWaste.app */;
			productType = "com.apple.product-type.application";
		};
		749891882BE88CE200DE7639 /* PrintedWasteTests */ = {
			isa = PBXNativeTarget;
			buildConfigurationList = 749891A02BE88CE200DE7639 /* Build configuration list for PBXNativeTarget "PrintedWasteTests" */;
			buildPhases = (
				749891852BE88CE200DE7639 /* Sources */,
				749891862BE88CE200DE7639 /* Frameworks */,
				749891872BE88CE200DE7639 /* Resources */,
			);
			buildRules = (
			);
			dependencies = (
				7498918B2BE88CE200DE7639 /* PBXTargetDependency */,
			);
			name = PrintedWasteTests;
			productName = PrintedWasteTests;
			productReference = 749891892BE88CE200DE7639 /* PrintedWasteTests.xctest */;
			productType = "com.apple.product-type.bundle.unit-test";
		};
		749891922BE88CE200DE7639 /* PrintedWasteUITests */ = {
			isa = PBXNativeTarget;
			buildConfigurationList = 749891A32BE88CE200DE7639 /* Build configuration list for PBXNativeTarget "PrintedWasteUITests" */;
			buildPhases = (
				7498918F2BE88CE200DE7639 /* Sources */,
				749891902BE88CE200DE7639 /* Frameworks */,
				749891912BE88CE200DE7639 /* Resources */,
			);
			buildRules = (
			);
			dependencies = (
				749891952BE88CE200DE7639 /* PBXTargetDependency */,
			);
			name = PrintedWasteUITests;
			productName = PrintedWasteUITests;
			productReference = 749891932BE88CE200DE7639 /* PrintedWasteUITests.xctest */;
			productType = "com.apple.product-type.bundle.ui-testing";
		};
/* End PBXNativeTarget section */

/* Begin PBXProject section */
		749891712BE88CE000DE7639 /* Project object */ = {
			isa = PBXProject;
			attributes = {
				BuildIndependentTargetsInParallel = 1;
				LastSwiftUpdateCheck = 1540;
				LastUpgradeCheck = 1620;
				TargetAttributes = {
					749891782BE88CE000DE7639 = {
						CreatedOnToolsVersion = 15.4;
					};
					749891882BE88CE200DE7639 = {
						CreatedOnToolsVersion = 15.4;
						TestTargetID = 749891782BE88CE000DE7639;
					};
					749891922BE88CE200DE7639 = {
						CreatedOnToolsVersion = 15.4;
						TestTargetID = 749891782BE88CE000DE7639;
					};
				};
			};
			buildConfigurationList = 749891742BE88CE000DE7639 /* Build configuration list for PBXProject "PrintedWaste" */;
			compatibilityVersion = "Xcode 14.0";
			developmentRegion = en;
			hasScannedForEncodings = 0;
			knownRegions = (
				en,
				Base,
			);
			mainGroup = 749891702BE88CE000DE7639;
			packageReferences = (
				74ED740D2CEA4D08005B1FCF /* XCRemoteSwiftPackageReference "SwiftDate" */,
			);
			productRefGroup = 7498917A2BE88CE000DE7639 /* Products */;
			projectDirPath = "";
			projectRoot = "";
			targets = (
				749891782BE88CE000DE7639 /* PrintedWaste */,
				749891882BE88CE200DE7639 /* PrintedWasteTests */,
				749891922BE88CE200DE7639 /* PrintedWasteUITests */,
			);
		};
/* End PBXProject section */

/* Begin PBXResourcesBuildPhase section */
		749891772BE88CE000DE7639 /* Resources */ = {
			isa = PBXResourcesBuildPhase;
			buildActionMask = 2147483647;
			files = (
				74EBE7B02D0D30DE00524F29 /* Info.plist in Resources */,
				743613202BEDBB5500C78914 /* GFNServerData.json in Resources */,
				749891842BE88CE200DE7639 /* Preview Assets.xcassets in Resources */,
				749891812BE88CE200DE7639 /* Assets.xcassets in Resources */,
			);
			runOnlyForDeploymentPostprocessing = 0;
		};
		749891872BE88CE200DE7639 /* Resources */ = {
			isa = PBXResourcesBuildPhase;
			buildActionMask = 2147483647;
			files = (
			);
			runOnlyForDeploymentPostprocessing = 0;
		};
		749891912BE88CE200DE7639 /* Resources */ = {
			isa = PBXResourcesBuildPhase;
			buildActionMask = 2147483647;
			files = (
			);
			runOnlyForDeploymentPostprocessing = 0;
		};
/* End PBXResourcesBuildPhase section */

/* Begin PBXSourcesBuildPhase section */
		749891752BE88CE000DE7639 /* Sources */ = {
			isa = PBXSourcesBuildPhase;
			buildActionMask = 2147483647;
			files = (
				740680812BEC3A1400C11A9B /* HomeView.swift in Sources */,
				740680832BEC3A4000C11A9B /* SettingsView.swift in Sources */,
				7498917F2BE88CE000DE7639 /* ContentView.swift in Sources */,
				74D320812BED8230005E92E0 /* GFNView.swift in Sources */,
				7491C0A92BEF0F55001FC0DD /* GFNServerView.swift in Sources */,
				7498917D2BE88CE000DE7639 /* PrintedWasteApp.swift in Sources */,
				74E8E2572D0D18060054F7A0 /* ToolsView.swift in Sources */,
				74E8E2592D0D19530054F7A0 /* MergerView.swift in Sources */,
				7436131E2BED8C1200C78914 /* Utils.swift in Sources */,
			);
			runOnlyForDeploymentPostprocessing = 0;
		};
		749891852BE88CE200DE7639 /* Sources */ = {
			isa = PBXSourcesBuildPhase;
			buildActionMask = 2147483647;
			files = (
				7498918E2BE88CE200DE7639 /* PrintedWasteTests.swift in Sources */,
			);
			runOnlyForDeploymentPostprocessing = 0;
		};
		7498918F2BE88CE200DE7639 /* Sources */ = {
			isa = PBXSourcesBuildPhase;
			buildActionMask = 2147483647;
			files = (
				7498919A2BE88CE200DE7639 /* PrintedWasteUITestsLaunchTests.swift in Sources */,
				749891982BE88CE200DE7639 /* PrintedWasteUITests.swift in Sources */,
			);
			runOnlyForDeploymentPostprocessing = 0;
		};
/* End PBXSourcesBuildPhase section */

/* Begin PBXTargetDependency section */
		7498918B2BE88CE200DE7639 /* PBXTargetDependency */ = {
			isa = PBXTargetDependency;
			target = 749891782BE88CE000DE7639 /* PrintedWaste */;
			targetProxy = 7498918A2BE88CE200DE7639 /* PBXContainerItemProxy */;
		};
		749891952BE88CE200DE7639 /* PBXTargetDependency */ = {
			isa = PBXTargetDependency;
			target = 749891782BE88CE000DE7639 /* PrintedWaste */;
			targetProxy = 749891942BE88CE200DE7639 /* PBXContainerItemProxy */;
		};
/* End PBXTargetDependency section */

/* Begin XCBuildConfiguration section */
		7498919B2BE88CE200DE7639 /* Debug */ = {
			isa = XCBuildConfiguration;
			buildSettings = {
				ALWAYS_SEARCH_USER_PATHS = NO;
				ASSETCATALOG_COMPILER_GENERATE_SWIFT_ASSET_SYMBOL_EXTENSIONS = YES;
				CLANG_ANALYZER_NONNULL = YES;
				CLANG_ANALYZER_NUMBER_OBJECT_CONVERSION = YES_AGGRESSIVE;
				CLANG_CXX_LANGUAGE_STANDARD = "gnu++20";
				CLANG_ENABLE_MODULES = YES;
				CLANG_ENABLE_OBJC_ARC = YES;
				CLANG_ENABLE_OBJC_WEAK = YES;
				CLANG_WARN_BLOCK_CAPTURE_AUTORELEASING = YES;
				CLANG_WARN_BOOL_CONVERSION = YES;
				CLANG_WARN_COMMA = YES;
				CLANG_WARN_CONSTANT_CONVERSION = YES;
				CLANG_WARN_DEPRECATED_OBJC_IMPLEMENTATIONS = YES;
				CLANG_WARN_DIRECT_OBJC_ISA_USAGE = YES_ERROR;
				CLANG_WARN_DOCUMENTATION_COMMENTS = YES;
				CLANG_WARN_EMPTY_BODY = YES;
				CLANG_WARN_ENUM_CONVERSION = YES;
				CLANG_WARN_INFINITE_RECURSION = YES;
				CLANG_WARN_INT_CONVERSION = YES;
				CLANG_WARN_NON_LITERAL_NULL_CONVERSION = YES;
				CLANG_WARN_OBJC_IMPLICIT_RETAIN_SELF = YES;
				CLANG_WARN_OBJC_LITERAL_CONVERSION = YES;
				CLANG_WARN_OBJC_ROOT_CLASS = YES_ERROR;
				CLANG_WARN_QUOTED_INCLUDE_IN_FRAMEWORK_HEADER = YES;
				CLANG_WARN_RANGE_LOOP_ANALYSIS = YES;
				CLANG_WARN_STRICT_PROTOTYPES = YES;
				CLANG_WARN_SUSPICIOUS_MOVE = YES;
				CLANG_WARN_UNGUARDED_AVAILABILITY = YES_AGGRESSIVE;
				CLANG_WARN_UNREACHABLE_CODE = YES;
				CLANG_WARN__DUPLICATE_METHOD_MATCH = YES;
				COPY_PHASE_STRIP = NO;
				DEBUG_INFORMATION_FORMAT = dwarf;
				ENABLE_STRICT_OBJC_MSGSEND = YES;
				ENABLE_TESTABILITY = YES;
				ENABLE_USER_SCRIPT_SANDBOXING = YES;
				GCC_C_LANGUAGE_STANDARD = gnu17;
				GCC_DYNAMIC_NO_PIC = NO;
				GCC_NO_COMMON_BLOCKS = YES;
				GCC_OPTIMIZATION_LEVEL = 0;
				GCC_PREPROCESSOR_DEFINITIONS = (
					"DEBUG=1",
					"$(inherited)",
				);
				GCC_WARN_64_TO_32_BIT_CONVERSION = YES;
				GCC_WARN_ABOUT_RETURN_TYPE = YES_ERROR;
				GCC_WARN_UNDECLARED_SELECTOR = YES;
				GCC_WARN_UNINITIALIZED_AUTOS = YES_AGGRESSIVE;
				GCC_WARN_UNUSED_FUNCTION = YES;
				GCC_WARN_UNUSED_VARIABLE = YES;
				INFOPLIST_FILE = ./PrintedWaste/info.plist;
				IPHONEOS_DEPLOYMENT_TARGET = 17.5;
				LOCALIZATION_PREFERS_STRING_CATALOGS = YES;
				MTL_ENABLE_DEBUG_INFO = INCLUDE_SOURCE;
				MTL_FAST_MATH = YES;
				ONLY_ACTIVE_ARCH = YES;
				SDKROOT = iphoneos;
				SWIFT_ACTIVE_COMPILATION_CONDITIONS = "DEBUG $(inherited)";
				SWIFT_OPTIMIZATION_LEVEL = "-Onone";
			};
			name = Debug;
		};
		7498919C2BE88CE200DE7639 /* Release */ = {
			isa = XCBuildConfiguration;
			buildSettings = {
				ALWAYS_SEARCH_USER_PATHS = NO;
				ASSETCATALOG_COMPILER_GENERATE_SWIFT_ASSET_SYMBOL_EXTENSIONS = YES;
				CLANG_ANALYZER_NONNULL = YES;
				CLANG_ANALYZER_NUMBER_OBJECT_CONVERSION = YES_AGGRESSIVE;
				CLANG_CXX_LANGUAGE_STANDARD = "gnu++20";
				CLANG_ENABLE_MODULES = YES;
				CLANG_ENABLE_OBJC_ARC = YES;
				CLANG_ENABLE_OBJC_WEAK = YES;
				CLANG_WARN_BLOCK_CAPTURE_AUTORELEASING = YES;
				CLANG_WARN_BOOL_CONVERSION = YES;
				CLANG_WARN_COMMA = YES;
				CLANG_WARN_CONSTANT_CONVERSION = YES;
				CLANG_WARN_DEPRECATED_OBJC_IMPLEMENTATIONS = YES;
				CLANG_WARN_DIRECT_OBJC_ISA_USAGE = YES_ERROR;
				CLANG_WARN_DOCUMENTATION_COMMENTS = YES;
				CLANG_WARN_EMPTY_BODY = YES;
				CLANG_WARN_ENUM_CONVERSION = YES;
				CLANG_WARN_INFINITE_RECURSION = YES;
				CLANG_WARN_INT_CONVERSION = YES;
				CLANG_WARN_NON_LITERAL_NULL_CONVERSION = YES;
				CLANG_WARN_OBJC_IMPLICIT_RETAIN_SELF = YES;
				CLANG_WARN_OBJC_LITERAL_CONVERSION = YES;
				CLANG_WARN_OBJC_ROOT_CLASS = YES_ERROR;
				CLANG_WARN_QUOTED_INCLUDE_IN_FRAMEWORK_HEADER = YES;
				CLANG_WARN_RANGE_LOOP_ANALYSIS = YES;
				CLANG_WARN_STRICT_PROTOTYPES = YES;
				CLANG_WARN_SUSPICIOUS_MOVE = YES;
				CLANG_WARN_UNGUARDED_AVAILABILITY = YES_AGGRESSIVE;
				CLANG_WARN_UNREACHABLE_CODE = YES;
				CLANG_WARN__DUPLICATE_METHOD_MATCH = YES;
				COPY_PHASE_STRIP = NO;
				DEBUG_INFORMATION_FORMAT = "dwarf-with-dsym";
				ENABLE_NS_ASSERTIONS = NO;
				ENABLE_STRICT_OBJC_MSGSEND = YES;
				ENABLE_USER_SCRIPT_SANDBOXING = YES;
				GCC_C_LANGUAGE_STANDARD = gnu17;
				GCC_NO_COMMON_BLOCKS = YES;
				GCC_WARN_64_TO_32_BIT_CONVERSION = YES;
				GCC_WARN_ABOUT_RETURN_TYPE = YES_ERROR;
				GCC_WARN_UNDECLARED_SELECTOR = YES;
				GCC_WARN_UNINITIALIZED_AUTOS = YES_AGGRESSIVE;
				GCC_WARN_UNUSED_FUNCTION = YES;
				GCC_WARN_UNUSED_VARIABLE = YES;
				INFOPLIST_FILE = ./PrintedWaste/info.plist;
				IPHONEOS_DEPLOYMENT_TARGET = 17.5;
				LOCALIZATION_PREFERS_STRING_CATALOGS = YES;
				MTL_ENABLE_DEBUG_INFO = NO;
				MTL_FAST_MATH = YES;
				SDKROOT = iphoneos;
				SWIFT_COMPILATION_MODE = wholemodule;
				VALIDATE_PRODUCT = YES;
			};
			name = Release;
		};
		7498919E2BE88CE200DE7639 /* Debug */ = {
			isa = XCBuildConfiguration;
			buildSettings = {
				ASSETCATALOG_COMPILER_APPICON_NAME = AppIcon;
				ASSETCATALOG_COMPILER_GLOBAL_ACCENT_COLOR_NAME = AccentColor;
				CODE_SIGN_IDENTITY = "Apple Development";
				CODE_SIGN_STYLE = Automatic;
				CURRENT_PROJECT_VERSION = 1;
				DEVELOPMENT_ASSET_PATHS = "\"PrintedWaste/Preview Content\"";
				DEVELOPMENT_TEAM = UJB7S68X74;
				ENABLE_PREVIEWS = YES;
				GENERATE_INFOPLIST_FILE = YES;
				INFOPLIST_KEY_UIApplicationSceneManifest_Generation = YES;
				INFOPLIST_KEY_UIApplicationSupportsIndirectInputEvents = YES;
				INFOPLIST_KEY_UILaunchScreen_Generation = YES;
				INFOPLIST_KEY_UIStatusBarHidden = NO;
				INFOPLIST_KEY_UISupportedInterfaceOrientations_iPad = "UIInterfaceOrientationPortrait UIInterfaceOrientationPortraitUpsideDown UIInterfaceOrientationLandscapeLeft UIInterfaceOrientationLandscapeRight";
				INFOPLIST_KEY_UISupportedInterfaceOrientations_iPhone = "UIInterfaceOrientationPortrait UIInterfaceOrientationLandscapeLeft UIInterfaceOrientationLandscapeRight";
				IPHONEOS_DEPLOYMENT_TARGET = 16.0;
				LD_RUNPATH_SEARCH_PATHS = (
					"$(inherited)",
					"@executable_path/Frameworks",
				);
				MARKETING_VERSION = 1.0;
				PRODUCT_BUNDLE_IDENTIFIER = com.kiefer.printedwaste;
				PRODUCT_NAME = "$(TARGET_NAME)";
				PROVISIONING_PROFILE_SPECIFIER = "";
				SWIFT_EMIT_LOC_STRINGS = YES;
				SWIFT_VERSION = 5.0;
				TARGETED_DEVICE_FAMILY = "1,2";
			};
			name = Debug;
		};
		7498919F2BE88CE200DE7639 /* Release */ = {
			isa = XCBuildConfiguration;
			buildSettings = {
				ASSETCATALOG_COMPILER_APPICON_NAME = AppIcon;
				ASSETCATALOG_COMPILER_GLOBAL_ACCENT_COLOR_NAME = AccentColor;
				CODE_SIGN_STYLE = Automatic;
				CURRENT_PROJECT_VERSION = 1;
				DEVELOPMENT_ASSET_PATHS = "\"PrintedWaste/Preview Content\"";
				DEVELOPMENT_TEAM = UJB7S68X74;
				ENABLE_PREVIEWS = YES;
				GENERATE_INFOPLIST_FILE = YES;
				INFOPLIST_KEY_UIApplicationSceneManifest_Generation = YES;
				INFOPLIST_KEY_UIApplicationSupportsIndirectInputEvents = YES;
				INFOPLIST_KEY_UILaunchScreen_Generation = YES;
				INFOPLIST_KEY_UIStatusBarHidden = NO;
				INFOPLIST_KEY_UISupportedInterfaceOrientations_iPad = "UIInterfaceOrientationPortrait UIInterfaceOrientationPortraitUpsideDown UIInterfaceOrientationLandscapeLeft UIInterfaceOrientationLandscapeRight";
				INFOPLIST_KEY_UISupportedInterfaceOrientations_iPhone = "UIInterfaceOrientationPortrait UIInterfaceOrientationLandscapeLeft UIInterfaceOrientationLandscapeRight";
				IPHONEOS_DEPLOYMENT_TARGET = 16.0;
				LD_RUNPATH_SEARCH_PATHS = (
					"$(inherited)",
					"@executable_path/Frameworks",
				);
				MARKETING_VERSION = 1.0;
				PRODUCT_BUNDLE_IDENTIFIER = com.kiefer.printedwaste;
				PRODUCT_NAME = "$(TARGET_NAME)";
				SWIFT_EMIT_LOC_STRINGS = YES;
				SWIFT_VERSION = 5.0;
				TARGETED_DEVICE_FAMILY = "1,2";
			};
			name = Release;
		};
		749891A12BE88CE200DE7639 /* Debug */ = {
			isa = XCBuildConfiguration;
			buildSettings = {
				BUNDLE_LOADER = "$(TEST_HOST)";
				CODE_SIGN_STYLE = Automatic;
				CURRENT_PROJECT_VERSION = 1;
				DEVELOPMENT_TEAM = N8L7Y5AY35;
				GENERATE_INFOPLIST_FILE = YES;
				IPHONEOS_DEPLOYMENT_TARGET = 17.5;
				MARKETING_VERSION = 1.0;
				PRODUCT_BUNDLE_IDENTIFIER = com.Kief.PrintedWasteTests;
				PRODUCT_NAME = "$(TARGET_NAME)";
				SWIFT_EMIT_LOC_STRINGS = NO;
				SWIFT_VERSION = 5.0;
				TARGETED_DEVICE_FAMILY = "1,2";
				TEST_HOST = "$(BUILT_PRODUCTS_DIR)/PrintedWaste.app/$(BUNDLE_EXECUTABLE_FOLDER_PATH)/PrintedWaste";
			};
			name = Debug;
		};
		749891A22BE88CE200DE7639 /* Release */ = {
			isa = XCBuildConfiguration;
			buildSettings = {
				BUNDLE_LOADER = "$(TEST_HOST)";
				CODE_SIGN_STYLE = Automatic;
				CURRENT_PROJECT_VERSION = 1;
				DEVELOPMENT_TEAM = N8L7Y5AY35;
				GENERATE_INFOPLIST_FILE = YES;
				IPHONEOS_DEPLOYMENT_TARGET = 17.5;
				MARKETING_VERSION = 1.0;
				PRODUCT_BUNDLE_IDENTIFIER = com.Kief.PrintedWasteTests;
				PRODUCT_NAME = "$(TARGET_NAME)";
				SWIFT_EMIT_LOC_STRINGS = NO;
				SWIFT_VERSION = 5.0;
				TARGETED_DEVICE_FAMILY = "1,2";
				TEST_HOST = "$(BUILT_PRODUCTS_DIR)/PrintedWaste.app/$(BUNDLE_EXECUTABLE_FOLDER_PATH)/PrintedWaste";
			};
			name = Release;
		};
		749891A42BE88CE200DE7639 /* Debug */ = {
			isa = XCBuildConfiguration;
			buildSettings = {
				CODE_SIGN_STYLE = Automatic;
				CURRENT_PROJECT_VERSION = 1;
				DEVELOPMENT_TEAM = N8L7Y5AY35;
				GENERATE_INFOPLIST_FILE = YES;
				MARKETING_VERSION = 1.0;
				PRODUCT_BUNDLE_IDENTIFIER = com.Kief.PrintedWasteUITests;
				PRODUCT_NAME = "$(TARGET_NAME)";
				SWIFT_EMIT_LOC_STRINGS = NO;
				SWIFT_VERSION = 5.0;
				TARGETED_DEVICE_FAMILY = "1,2";
				TEST_TARGET_NAME = PrintedWaste;
			};
			name = Debug;
		};
		749891A52BE88CE200DE7639 /* Release */ = {
			isa = XCBuildConfiguration;
			buildSettings = {
				CODE_SIGN_STYLE = Automatic;
				CURRENT_PROJECT_VERSION = 1;
				DEVELOPMENT_TEAM = N8L7Y5AY35;
				GENERATE_INFOPLIST_FILE = YES;
				MARKETING_VERSION = 1.0;
				PRODUCT_BUNDLE_IDENTIFIER = com.Kief.PrintedWasteUITests;
				PRODUCT_NAME = "$(TARGET_NAME)";
				SWIFT_EMIT_LOC_STRINGS = NO;
				SWIFT_VERSION = 5.0;
				TARGETED_DEVICE_FAMILY = "1,2";
				TEST_TARGET_NAME = PrintedWaste;
			};
			name = Release;
		};
/* End XCBuildConfiguration section */

/* Begin XCConfigurationList section */
		749891742BE88CE000DE7639 /* Build configuration list for PBXProject "PrintedWaste" */ = {
			isa = XCConfigurationList;
			buildConfigurations = (
				7498919B2BE88CE200DE7639 /* Debug */,
				7498919C2BE88CE200DE7639 /* Release */,
			);
			defaultConfigurationIsVisible = 0;
			defaultConfigurationName = Release;
		};
		7498919D2BE88CE200DE7639 /* Build configuration list for PBXNativeTarget "PrintedWaste" */ = {
			isa = XCConfigurationList;
			buildConfigurations = (
				7498919E2BE88CE200DE7639 /* Debug */,
				7498919F2BE88CE200DE7639 /* Release */,
			);
			defaultConfigurationIsVisible = 0;
			defaultConfigurationName = Release;
		};
		749891A02BE88CE200DE7639 /* Build configuration list for PBXNativeTarget "PrintedWasteTests" */ = {
			isa = XCConfigurationList;
			buildConfigurations = (
				749891A12BE88CE200DE7639 /* Debug */,
				749891A22BE88CE200DE7639 /* Release */,
			);
			defaultConfigurationIsVisible = 0;
			defaultConfigurationName = Release;
		};
		749891A32BE88CE200DE7639 /* Build configuration list for PBXNativeTarget "PrintedWasteUITests" */ = {
			isa = XCConfigurationList;
			buildConfigurations = (
				749891A42BE88CE200DE7639 /* Debug */,
				749891A52BE88CE200DE7639 /* Release */,
			);
			defaultConfigurationIsVisible = 0;
			defaultConfigurationName = Release;
		};
/* End XCConfigurationList section */

/* Begin XCRemoteSwiftPackageReference section */
		74ED740D2CEA4D08005B1FCF /* XCRemoteSwiftPackageReference "SwiftDate" */ = {
			isa = XCRemoteSwiftPackageReference;
			repositoryURL = "https://github.com/malcommac/SwiftDate";
			requirement = {
				kind = upToNextMajorVersion;
				minimumVersion = 7.0.0;
			};
		};
/* End XCRemoteSwiftPackageReference section */

/* Begin XCSwiftPackageProductDependency section */
		74ED740E2CEA4D08005B1FCF /* SwiftDate */ = {
			isa = XCSwiftPackageProductDependency;
			package = 74ED740D2CEA4D08005B1FCF /* XCRemoteSwiftPackageReference "SwiftDate" */;
			productName = SwiftDate;
		};
/* End XCSwiftPackageProductDependency section */
	};
	rootObject = 749891712BE88CE000DE7639 /* Project object */;
}
